
Microsoft Visual Studio Solution File, Format Version 12.00
# Visual Studio Version 17
VisualStudioVersion = 17.0.32126.317
MinimumVisualStudioVersion = 10.0.40219.1
Project("{2150E333-8FDC-42A3-9474-1A3956D46DE8}") = "src", "src", "{8F634DA4-87C4-4315-AE63-4954C0370B3B}"
EndProject
Project("{2150E333-8FDC-42A3-9474-1A3956D46DE8}") = "tests", "tests", "{D28B89D2-A586-4DCA-B37C-576477058447}"
EndProject
Project("{2150E333-8FDC-42A3-9474-1A3956D46DE8}") = "samples", "samples", "{188229BD-03CF-4132-B488-5495363FF9EC}"
EndProject
Project("{9A19103F-16F7-4668-BE54-9A1E7A4F7556}") = "Seneca.Interception.Core", "src\Seneca.Interception.Core\Seneca.Interception.Core.csproj", "{C3C0FA0E-A2FD-4254-BB0C-36F205DF3CEC}"
EndProject
Project("{9A19103F-16F7-4668-BE54-9A1E7A4F7556}") = "Seneca.Interception.Core.Tests", "tests\Seneca.Interception.Core.Tests\Seneca.Interception.Core.Tests.csproj", "{D763BB5A-A71A-4F36-8190-9DA8C5CD643F}"
EndProject
Project("{9A19103F-16F7-4668-BE54-9A1E7A4F7556}") = "Seneca.Interception.Samples.Function", "samples\Seneca.Interception.Samples.Function\Seneca.Interception.Samples.Function.csproj", "{6E3F9A3A-96CC-42B8-9153-230E9A291EA9}"
EndProject
Global
	GlobalSection(SolutionConfigurationPlatforms) = preSolution
		Debug|Any CPU = Debug|Any CPU
		Release|Any CPU = Release|Any CPU
	EndGlobalSection
	GlobalSection(ProjectConfigurationPlatforms) = postSolution
		{C3C0FA0E-A2FD-4254-BB0C-36F205DF3CEC}.Debug|Any CPU.ActiveCfg = Debug|Any CPU
		{C3C0FA0E-A2FD-4254-BB0C-36F205DF3CEC}.Debug|Any CPU.Build.0 = Debug|Any CPU
		{C3C0FA0E-A2FD-4254-BB0C-36F205DF3CEC}.Release|Any CPU.ActiveCfg = Release|Any CPU
		{C3C0FA0E-A2FD-4254-BB0C-36F205DF3CEC}.Release|Any CPU.Build.0 = Release|Any CPU
		{D763BB5A-A71A-4F36-8190-9DA8C5CD643F}.Debug|Any CPU.ActiveCfg = Debug|Any CPU
		{D763BB5A-A71A-4F36-8190-9DA8C5CD643F}.Debug|Any CPU.Build.0 = Debug|Any CPU
		{D763BB5A-A71A-4F36-8190-9DA8C5CD643F}.Release|Any CPU.ActiveCfg = Release|Any CPU
		{D763BB5A-A71A-4F36-8190-9DA8C5CD643F}.Release|Any CPU.Build.0 = Release|Any CPU
		{6E3F9A3A-96CC-42B8-9153-230E9A291EA9}.Debug|Any CPU.ActiveCfg = Debug|Any CPU
		{6E3F9A3A-96CC-42B8-9153-230E9A291EA9}.Debug|Any CPU.Build.0 = Debug|Any CPU
		{6E3F9A3A-96CC-42B8-9153-230E9A291EA9}.Release|Any CPU.ActiveCfg = Release|Any CPU
		{6E3F9A3A-96CC-42B8-9153-230E9A291EA9}.Release|Any CPU.Build.0 = Release|Any CPU
	EndGlobalSection
	GlobalSection(SolutionProperties) = preSolution
		HideSolutionNode = FALSE
	EndGlobalSection
	GlobalSection(NestedProjects) = preSolution
		{C3C0FA0E-A2FD-4254-BB0C-36F205DF3CEC} = {8F634DA4-87C4-4315-AE63-4954C0370B3B}
		{D763BB5A-A71A-4F36-8190-9DA8C5CD643F} = {D28B89D2-A586-4DCA-B37C-576477058447}
		{6E3F9A3A-96CC-42B8-9153-230E9A291EA9} = {188229BD-03CF-4132-B488-5495363FF9EC}
	EndGlobalSection
	GlobalSection(ExtensibilityGlobals) = postSolution
		SolutionGuid = {146A0775-3165-41CC-ADB7-FBE9A100DDC6}
	EndGlobalSection
EndGlobal
